
Microsoft Visual Studio Solution File, Format Version 12.00
# Visual Studio Version 16
VisualStudioVersion = 16.0.30717.126
MinimumVisualStudioVersion = 10.0.40219.1
Project("{FAE04EC0-301F-11D3-BF4B-00C04F79EFBC}") = "Roommates", "Roommates\Roommates.csproj", "{371DACB5-F9B1-4A81-B735-FF560EA71A51}"
EndProject
Global
	GlobalSection(SolutionConfigurationPlatforms) = preSolution
		Debug|Any CPU = Debug|Any CPU
		Release|Any CPU = Release|Any CPU
	EndGlobalSection
	GlobalSection(ProjectConfigurationPlatforms) = postSolution
		{371DACB5-F9B1-4A81-B735-FF560EA71A51}.Debug|Any CPU.ActiveCfg = Debug|Any CPU
		{371DACB5-F9B1-4A81-B735-FF560EA71A51}.Debug|Any CPU.Build.0 = Debug|Any CPU
		{371DACB5-F9B1-4A81-B735-FF560EA71A51}.Release|Any CPU.ActiveCfg = Release|Any CPU
		{371DACB5-F9B1-4A81-B735-FF560EA71A51}.Release|Any CPU.Build.0 = Release|Any CPU
	EndGlobalSection
	GlobalSection(SolutionProperties) = preSolution
		HideSolutionNode = FALSE
	EndGlobalSection
	GlobalSection(ExtensibilityGlobals) = postSolution
		SolutionGuid = {BC96E194-8B7E-4FCF-AA68-9C910F7C94A3}
	EndGlobalSection
EndGlobal
